
Microsoft Visual Studio Solution File, Format Version 12.00
# Visual Studio Version 17
VisualStudioVersion = 17.13.35931.197 d17.13
MinimumVisualStudioVersion = 10.0.40219.1
Project("{FAE04EC0-301F-11D3-BF4B-00C04F79EFBC}") = "EF-Core-Project", "EF-Core-Project.csproj", "{AA2FC804-8FF6-462C-B675-57C3BFCA7E30}"
EndProject
Global
	GlobalSection(SolutionConfigurationPlatforms) = preSolution
		Debug|Any CPU = Debug|Any CPU
		Release|Any CPU = Release|Any CPU
	EndGlobalSection
	GlobalSection(ProjectConfigurationPlatforms) = postSolution
		{AA2FC804-8FF6-462C-B675-57C3BFCA7E30}.Debug|Any CPU.ActiveCfg = Debug|Any CPU
		{AA2FC804-8FF6-462C-B675-57C3BFCA7E30}.Debug|Any CPU.Build.0 = Debug|Any CPU
		{AA2FC804-8FF6-462C-B675-57C3BFCA7E30}.Release|Any CPU.ActiveCfg = Release|Any CPU
		{AA2FC804-8FF6-462C-B675-57C3BFCA7E30}.Release|Any CPU.Build.0 = Release|Any CPU
	EndGlobalSection
	GlobalSection(SolutionProperties) = preSolution
		HideSolutionNode = FALSE
	EndGlobalSection
	GlobalSection(ExtensibilityGlobals) = postSolution
		SolutionGuid = {96B5CDAB-B6FA-434B-9051-D8D348ECA233}
	EndGlobalSection
EndGlobal
